
Microsoft Visual Studio Solution File, Format Version 12.00
# Visual Studio Version 17
VisualStudioVersion = 17.14.37328.6 d17.14
MinimumVisualStudioVersion = 10.0.40219.1
Project("{FAE04EC0-301F-11D3-BF4B-00C04F79EFBC}") = "DisKeyboard", "DisKeyboard.csproj", "{280360AC-47A4-4AA9-8252-6CB475D46781}"
EndProject
Global
	GlobalSection(SolutionConfigurationPlatforms) = preSolution
		Debug|Any CPU = Debug|Any CPU
		Release|Any CPU = Release|Any CPU
	EndGlobalSection
	GlobalSection(ProjectConfigurationPlatforms) = postSolution
		{280360AC-47A4-4AA9-8252-6CB475D46781}.Debug|Any CPU.ActiveCfg = Debug|Any CPU
		{280360AC-47A4-4AA9-8252-6CB475D46781}.Debug|Any CPU.Build.0 = Debug|Any CPU
		{280360AC-47A4-4AA9-8252-6CB475D46781}.Release|Any CPU.ActiveCfg = Release|Any CPU
		{280360AC-47A4-4AA9-8252-6CB475D46781}.Release|Any CPU.Build.0 = Release|Any CPU
	EndGlobalSection
	GlobalSection(SolutionProperties) = preSolution
		HideSolutionNode = FALSE
	EndGlobalSection
	GlobalSection(ExtensibilityGlobals) = postSolution
		SolutionGuid = {95074A54-F415-4E0A-9DA3-F6B1B6B952D8}
	EndGlobalSection
EndGlobal
